// !$*UTF8*$!
{
	archiveVersion = 1;
	classes = {
	};
	objectVersion = 50;
	objects = {

/* Begin PBXBuildFile section */
		3B242D6620972D1B00D87AC7 /* SearchTopViewController.swift in Sources */ = {isa = PBXBuildFile; fileRef = 3B242D6520972D1B00D87AC7 /* SearchTopViewController.swift */; };
		3B242D6A2097312B00D87AC7 /* PrefTableViewCell.swift in Sources */ = {isa = PBXBuildFile; fileRef = 3B242D692097312B00D87AC7 /* PrefTableViewCell.swift */; };
		3B242D6E2099C75E00D87AC7 /* ShopsTableViewCell.swift in Sources */ = {isa = PBXBuildFile; fileRef = 3B242D6D2099C75E00D87AC7 /* ShopsTableViewCell.swift */; };
		3B242D702099C7C800D87AC7 /* ShopsTableViewController.swift in Sources */ = {isa = PBXBuildFile; fileRef = 3B242D6F2099C7C800D87AC7 /* ShopsTableViewController.swift */; };
		3B88D58A2099F76D00717102 /* ShopNavigationController.swift in Sources */ = {isa = PBXBuildFile; fileRef = 3B88D5892099F76D00717102 /* ShopNavigationController.swift */; };
		3B9E481320D6306A00529581 /* SearchShopsTableViewController.swift in Sources */ = {isa = PBXBuildFile; fileRef = 3B9E481220D6306A00529581 /* SearchShopsTableViewController.swift */; };
		3B9E481920DF869300529581 /* UIColorRGB.swift in Sources */ = {isa = PBXBuildFile; fileRef = 3B9E481820DF869300529581 /* UIColorRGB.swift */; };
		3BAD8C33210D7970004E5A26 /* MenuDetailViewController.swift in Sources */ = {isa = PBXBuildFile; fileRef = 3BAD8C32210D7970004E5A26 /* MenuDetailViewController.swift */; };
		3BAD8C35210D80FD004E5A26 /* ReviewTableViewCell.swift in Sources */ = {isa = PBXBuildFile; fileRef = 3BAD8C34210D80FD004E5A26 /* ReviewTableViewCell.swift */; };
		3BB74E28208B02760095B3A5 /* AppDelegate.swift in Sources */ = {isa = PBXBuildFile; fileRef = 3BB74E27208B02760095B3A5 /* AppDelegate.swift */; };
		3BB74E2A208B02760095B3A5 /* ViewController.swift in Sources */ = {isa = PBXBuildFile; fileRef = 3BB74E29208B02760095B3A5 /* ViewController.swift */; };
		3BB74E2D208B02760095B3A5 /* Main.storyboard in Resources */ = {isa = PBXBuildFile; fileRef = 3BB74E2B208B02760095B3A5 /* Main.storyboard */; };
		3BB74E2F208B02770095B3A5 /* Assets.xcassets in Resources */ = {isa = PBXBuildFile; fileRef = 3BB74E2E208B02770095B3A5 /* Assets.xcassets */; };
		3BB74E32208B02770095B3A5 /* LaunchScreen.storyboard in Resources */ = {isa = PBXBuildFile; fileRef = 3BB74E30208B02770095B3A5 /* LaunchScreen.storyboard */; };
		3BB9DF13209EEFA10067EC0A /* ShopMenusViewController.swift in Sources */ = {isa = PBXBuildFile; fileRef = 3BB9DF12209EEFA10067EC0A /* ShopMenusViewController.swift */; };
		3BB9DF15209EFE160067EC0A /* ShopInfoTableViewCell.swift in Sources */ = {isa = PBXBuildFile; fileRef = 3BB9DF14209EFE160067EC0A /* ShopInfoTableViewCell.swift */; };
		3BB9DF17209F3A530067EC0A /* TabBarController.swift in Sources */ = {isa = PBXBuildFile; fileRef = 3BB9DF16209F3A530067EC0A /* TabBarController.swift */; };
		3BB9DF1920A2CCD50067EC0A /* PrefData.swift in Sources */ = {isa = PBXBuildFile; fileRef = 3BB9DF1820A2CCD50067EC0A /* PrefData.swift */; };
		3BB9DF4520A6CEEE0067EC0A /* ShopMenusTableViewCell.swift in Sources */ = {isa = PBXBuildFile; fileRef = 3BB9DF4420A6CEEE0067EC0A /* ShopMenusTableViewCell.swift */; };
		3BB9DF4720A704BD0067EC0A /* ShopMenusTableViewController.swift in Sources */ = {isa = PBXBuildFile; fileRef = 3BB9DF4620A704BD0067EC0A /* ShopMenusTableViewController.swift */; };
		3BD3AEE920E50A2D0066732F /* ButtonCustom.swift in Sources */ = {isa = PBXBuildFile; fileRef = 3BD3AEE820E50A2D0066732F /* ButtonCustom.swift */; };
		3BD3AEEB20E50B4D0066732F /* ShopTopViewController.swift in Sources */ = {isa = PBXBuildFile; fileRef = 3BD3AEEA20E50B4D0066732F /* ShopTopViewController.swift */; };
		3BD3AEED20E65FFB0066732F /* WebViewController.swift in Sources */ = {isa = PBXBuildFile; fileRef = 3BD3AEEC20E65FFB0066732F /* WebViewController.swift */; };
		3BD475CA20EB78B500E42613 /* ShopMenusCollectionViewCell.swift in Sources */ = {isa = PBXBuildFile; fileRef = 3BD475C920EB78B500E42613 /* ShopMenusCollectionViewCell.swift */; };
		3BFF021020C3C0AB0032C1EE /* SettingsTableViewCell.swift in Sources */ = {isa = PBXBuildFile; fileRef = 3BFF020F20C3C0AB0032C1EE /* SettingsTableViewCell.swift */; };
		3BFF021220C3C8FA0032C1EE /* HomeViewController.swift in Sources */ = {isa = PBXBuildFile; fileRef = 3BFF021120C3C8FA0032C1EE /* HomeViewController.swift */; };
/* End PBXBuildFile section */

/* Begin PBXFileReference section */
		3B242D6520972D1B00D87AC7 /* SearchTopViewController.swift */ = {isa = PBXFileReference; lastKnownFileType = sourcecode.swift; path = SearchTopViewController.swift; sourceTree = "<group>"; };
		3B242D692097312B00D87AC7 /* PrefTableViewCell.swift */ = {isa = PBXFileReference; lastKnownFileType = sourcecode.swift; path = PrefTableViewCell.swift; sourceTree = "<group>"; };
		3B242D6D2099C75E00D87AC7 /* ShopsTableViewCell.swift */ = {isa = PBXFileReference; lastKnownFileType = sourcecode.swift; path = ShopsTableViewCell.swift; sourceTree = "<group>"; };
		3B242D6F2099C7C800D87AC7 /* ShopsTableViewController.swift */ = {isa = PBXFileReference; lastKnownFileType = sourcecode.swift; path = ShopsTableViewController.swift; sourceTree = "<group>"; };
		3B88D5892099F76D00717102 /* ShopNavigationController.swift */ = {isa = PBXFileReference; lastKnownFileType = sourcecode.swift; path = ShopNavigationController.swift; sourceTree = "<group>"; };
		3B9E481220D6306A00529581 /* SearchShopsTableViewController.swift */ = {isa = PBXFileReference; lastKnownFileType = sourcecode.swift; path = SearchShopsTableViewController.swift; sourceTree = "<group>"; };
		3B9E481820DF869300529581 /* UIColorRGB.swift */ = {isa = PBXFileReference; lastKnownFileType = sourcecode.swift; path = UIColorRGB.swift; sourceTree = "<group>"; };
		3BAD8C32210D7970004E5A26 /* MenuDetailViewController.swift */ = {isa = PBXFileReference; lastKnownFileType = sourcecode.swift; path = MenuDetailViewController.swift; sourceTree = "<group>"; };
		3BAD8C34210D80FD004E5A26 /* ReviewTableViewCell.swift */ = {isa = PBXFileReference; lastKnownFileType = sourcecode.swift; path = ReviewTableViewCell.swift; sourceTree = "<group>"; };
		3BB74E24208B02760095B3A5 /* TKG.app */ = {isa = PBXFileReference; explicitFileType = wrapper.application; includeInIndex = 0; path = TKG.app; sourceTree = BUILT_PRODUCTS_DIR; };
		3BB74E27208B02760095B3A5 /* AppDelegate.swift */ = {isa = PBXFileReference; lastKnownFileType = sourcecode.swift; path = AppDelegate.swift; sourceTree = "<group>"; };
		3BB74E29208B02760095B3A5 /* ViewController.swift */ = {isa = PBXFileReference; lastKnownFileType = sourcecode.swift; path = ViewController.swift; sourceTree = "<group>"; };
		3BB74E2C208B02760095B3A5 /* Base */ = {isa = PBXFileReference; lastKnownFileType = file.storyboard; name = Base; path = Base.lproj/Main.storyboard; sourceTree = "<group>"; };
		3BB74E2E208B02770095B3A5 /* Assets.xcassets */ = {isa = PBXFileReference; lastKnownFileType = folder.assetcatalog; path = Assets.xcassets; sourceTree = "<group>"; };
		3BB74E31208B02770095B3A5 /* Base */ = {isa = PBXFileReference; lastKnownFileType = file.storyboard; name = Base; path = Base.lproj/LaunchScreen.storyboard; sourceTree = "<group>"; };
		3BB74E33208B02770095B3A5 /* Info.plist */ = {isa = PBXFileReference; lastKnownFileType = text.plist.xml; path = Info.plist; sourceTree = "<group>"; };
		3BB9DF12209EEFA10067EC0A /* ShopMenusViewController.swift */ = {isa = PBXFileReference; lastKnownFileType = sourcecode.swift; path = ShopMenusViewController.swift; sourceTree = "<group>"; };
		3BB9DF14209EFE160067EC0A /* ShopInfoTableViewCell.swift */ = {isa = PBXFileReference; lastKnownFileType = sourcecode.swift; path = ShopInfoTableViewCell.swift; sourceTree = "<group>"; };
		3BB9DF16209F3A530067EC0A /* TabBarController.swift */ = {isa = PBXFileReference; lastKnownFileType = sourcecode.swift; path = TabBarController.swift; sourceTree = "<group>"; };
		3BB9DF1820A2CCD50067EC0A /* PrefData.swift */ = {isa = PBXFileReference; lastKnownFileType = sourcecode.swift; path = PrefData.swift; sourceTree = "<group>"; };
		3BB9DF4420A6CEEE0067EC0A /* ShopMenusTableViewCell.swift */ = {isa = PBXFileReference; lastKnownFileType = sourcecode.swift; path = ShopMenusTableViewCell.swift; sourceTree = "<group>"; };
		3BB9DF4620A704BD0067EC0A /* ShopMenusTableViewController.swift */ = {isa = PBXFileReference; lastKnownFileType = sourcecode.swift; path = ShopMenusTableViewController.swift; sourceTree = "<group>"; };
		3BD3AEE820E50A2D0066732F /* ButtonCustom.swift */ = {isa = PBXFileReference; lastKnownFileType = sourcecode.swift; path = ButtonCustom.swift; sourceTree = "<group>"; };
		3BD3AEEA20E50B4D0066732F /* ShopTopViewController.swift */ = {isa = PBXFileReference; lastKnownFileType = sourcecode.swift; path = ShopTopViewController.swift; sourceTree = "<group>"; };
		3BD3AEEC20E65FFB0066732F /* WebViewController.swift */ = {isa = PBXFileReference; lastKnownFileType = sourcecode.swift; path = WebViewController.swift; sourceTree = "<group>"; };
		3BD475C920EB78B500E42613 /* ShopMenusCollectionViewCell.swift */ = {isa = PBXFileReference; lastKnownFileType = sourcecode.swift; path = ShopMenusCollectionViewCell.swift; sourceTree = "<group>"; };
		3BFF020F20C3C0AB0032C1EE /* SettingsTableViewCell.swift */ = {isa = PBXFileReference; lastKnownFileType = sourcecode.swift; path = SettingsTableViewCell.swift; sourceTree = "<group>"; };
		3BFF021120C3C8FA0032C1EE /* HomeViewController.swift */ = {isa = PBXFileReference; lastKnownFileType = sourcecode.swift; path = HomeViewController.swift; sourceTree = "<group>"; };
/* End PBXFileReference section */

/* Begin PBXFrameworksBuildPhase section */
		3BB74E21208B02760095B3A5 /* Frameworks */ = {
			isa = PBXFrameworksBuildPhase;
			buildActionMask = 2147483647;
			files = (
			);
			runOnlyForDeploymentPostprocessing = 0;
		};
/* End PBXFrameworksBuildPhase section */

/* Begin PBXGroup section */
		3BB74E1B208B02760095B3A5 = {
			isa = PBXGroup;
			children = (
				3BB74E26208B02760095B3A5 /* TKG */,
				3BB74E25208B02760095B3A5 /* Products */,
			);
			sourceTree = "<group>";
		};
		3BB74E25208B02760095B3A5 /* Products */ = {
			isa = PBXGroup;
			children = (
				3BB74E24208B02760095B3A5 /* TKG.app */,
			);
			name = Products;
			sourceTree = "<group>";
		};
		3BB74E26208B02760095B3A5 /* TKG */ = {
			isa = PBXGroup;
			children = (
				3BD3AEE820E50A2D0066732F /* ButtonCustom.swift */,
				3BB74E27208B02760095B3A5 /* AppDelegate.swift */,
				3BB74E29208B02760095B3A5 /* ViewController.swift */,
				3BB74E2B208B02760095B3A5 /* Main.storyboard */,
				3BAD8C34210D80FD004E5A26 /* ReviewTableViewCell.swift */,
				3BD475C920EB78B500E42613 /* ShopMenusCollectionViewCell.swift */,
				3BAD8C32210D7970004E5A26 /* MenuDetailViewController.swift */,
				3BD3AEEC20E65FFB0066732F /* WebViewController.swift */,
				3BD3AEEA20E50B4D0066732F /* ShopTopViewController.swift */,
				3B9E481820DF869300529581 /* UIColorRGB.swift */,
				3B9E481220D6306A00529581 /* SearchShopsTableViewController.swift */,
				3BFF021120C3C8FA0032C1EE /* HomeViewController.swift */,
				3BFF020F20C3C0AB0032C1EE /* SettingsTableViewCell.swift */,
				3BB9DF4620A704BD0067EC0A /* ShopMenusTableViewController.swift */,
				3BB9DF4420A6CEEE0067EC0A /* ShopMenusTableViewCell.swift */,
				3BB9DF1820A2CCD50067EC0A /* PrefData.swift */,
				3BB9DF16209F3A530067EC0A /* TabBarController.swift */,
				3BB9DF14209EFE160067EC0A /* ShopInfoTableViewCell.swift */,
				3BB9DF12209EEFA10067EC0A /* ShopMenusViewController.swift */,
				3B88D5892099F76D00717102 /* ShopNavigationController.swift */,
				3B242D6F2099C7C800D87AC7 /* ShopsTableViewController.swift */,
				3B242D6D2099C75E00D87AC7 /* ShopsTableViewCell.swift */,
				3B242D692097312B00D87AC7 /* PrefTableViewCell.swift */,
				3B242D6520972D1B00D87AC7 /* SearchTopViewController.swift */,
				3BB74E2E208B02770095B3A5 /* Assets.xcassets */,
				3BB74E30208B02770095B3A5 /* LaunchScreen.storyboard */,
				3BB74E33208B02770095B3A5 /* Info.plist */,
			);
			path = TKG;
			sourceTree = "<group>";
		};
/* End PBXGroup section */

/* Begin PBXNativeTarget section */
		3BB74E23208B02760095B3A5 /* TKG */ = {
			isa = PBXNativeTarget;
			buildConfigurationList = 3BB74E36208B02770095B3A5 /* Build configuration list for PBXNativeTarget "TKG" */;
			buildPhases = (
				3BB74E20208B02760095B3A5 /* Sources */,
				3BB74E21208B02760095B3A5 /* Frameworks */,
				3BB74E22208B02760095B3A5 /* Resources */,
			);
			buildRules = (
			);
			dependencies = (
			);
			name = TKG;
			productName = TKG;
			productReference = 3BB74E24208B02760095B3A5 /* TKG.app */;
			productType = "com.apple.product-type.application";
		};
/* End PBXNativeTarget section */

/* Begin PBXProject section */
		3BB74E1C208B02760095B3A5 /* Project object */ = {
			isa = PBXProject;
			attributes = {
				LastSwiftUpdateCheck = 0930;
				LastUpgradeCheck = 0930;
				ORGANIZATIONNAME = tkg;
				TargetAttributes = {
					3BB74E23208B02760095B3A5 = {
						CreatedOnToolsVersion = 9.3;
					};
				};
			};
			buildConfigurationList = 3BB74E1F208B02760095B3A5 /* Build configuration list for PBXProject "TKG" */;
			compatibilityVersion = "Xcode 9.3";
			developmentRegion = en;
			hasScannedForEncodings = 0;
			knownRegions = (
				en,
				Base,
			);
			mainGroup = 3BB74E1B208B02760095B3A5;
			productRefGroup = 3BB74E25208B02760095B3A5 /* Products */;
			projectDirPath = "";
			projectRoot = "";
			targets = (
				3BB74E23208B02760095B3A5 /* TKG */,
			);
		};
/* End PBXProject section */

/* Begin PBXResourcesBuildPhase section */
		3BB74E22208B02760095B3A5 /* Resources */ = {
			isa = PBXResourcesBuildPhase;
			buildActionMask = 2147483647;
			files = (
				3BB74E32208B02770095B3A5 /* LaunchScreen.storyboard in Resources */,
				3BB74E2F208B02770095B3A5 /* Assets.xcassets in Resources */,
				3BB74E2D208B02760095B3A5 /* Main.storyboard in Resources */,
			);
			runOnlyForDeploymentPostprocessing = 0;
		};
/* End PBXResourcesBuildPhase section */

/* Begin PBXSourcesBuildPhase section */
		3BB74E20208B02760095B3A5 /* Sources */ = {
			isa = PBXSourcesBuildPhase;
			buildActionMask = 2147483647;
			files = (
				3BB9DF17209F3A530067EC0A /* TabBarController.swift in Sources */,
				3BB9DF1920A2CCD50067EC0A /* PrefData.swift in Sources */,
				3B9E481920DF869300529581 /* UIColorRGB.swift in Sources */,
				3BD3AEED20E65FFB0066732F /* WebViewController.swift in Sources */,
				3BB9DF4520A6CEEE0067EC0A /* ShopMenusTableViewCell.swift in Sources */,
				3B242D6620972D1B00D87AC7 /* SearchTopViewController.swift in Sources */,
				3BFF021220C3C8FA0032C1EE /* HomeViewController.swift in Sources */,
				3B242D702099C7C800D87AC7 /* ShopsTableViewController.swift in Sources */,
				3BB74E2A208B02760095B3A5 /* ViewController.swift in Sources */,
				3BB9DF13209EEFA10067EC0A /* ShopMenusViewController.swift in Sources */,
				3B88D58A2099F76D00717102 /* ShopNavigationController.swift in Sources */,
				3BD3AEEB20E50B4D0066732F /* ShopTopViewController.swift in Sources */,
				3BD475CA20EB78B500E42613 /* ShopMenusCollectionViewCell.swift in Sources */,
				3B9E481320D6306A00529581 /* SearchShopsTableViewController.swift in Sources */,
				3BFF021020C3C0AB0032C1EE /* SettingsTableViewCell.swift in Sources */,
				3BB74E28208B02760095B3A5 /* AppDelegate.swift in Sources */,
				3BAD8C33210D7970004E5A26 /* MenuDetailViewController.swift in Sources */,
				3B242D6A2097312B00D87AC7 /* PrefTableViewCell.swift in Sources */,
				3B242D6E2099C75E00D87AC7 /* ShopsTableViewCell.swift in Sources */,
				3BB9DF4720A704BD0067EC0A /* ShopMenusTableViewController.swift in Sources */,
				3BD3AEE920E50A2D0066732F /* ButtonCustom.swift in Sources */,
				3BAD8C35210D80FD004E5A26 /* ReviewTableViewCell.swift in Sources */,
				3BB9DF15209EFE160067EC0A /* ShopInfoTableViewCell.swift in Sources */,
			);
			runOnlyForDeploymentPostprocessing = 0;
		};
/* End PBXSourcesBuildPhase section */

/* Begin PBXVariantGroup section */
		3BB74E2B208B02760095B3A5 /* Main.storyboard */ = {
			isa = PBXVariantGroup;
			children = (
				3BB74E2C208B02760095B3A5 /* Base */,
			);
			name = Main.storyboard;
			sourceTree = "<group>";
		};
		3BB74E30208B02770095B3A5 /* LaunchScreen.storyboard */ = {
			isa = PBXVariantGroup;
			children = (
				3BB74E31208B02770095B3A5 /* Base */,
			);
			name = LaunchScreen.storyboard;
			sourceTree = "<group>";
		};
/* End PBXVariantGroup section */

/* Begin XCBuildConfiguration section */
		3BB74E34208B02770095B3A5 /* Debug */ = {
			isa = XCBuildConfiguration;
			buildSettings = {
				ALWAYS_SEARCH_USER_PATHS = NO;
				CLANG_ANALYZER_NONNULL = YES;
				CLANG_ANALYZER_NUMBER_OBJECT_CONVERSION = YES_AGGRESSIVE;
				CLANG_CXX_LANGUAGE_STANDARD = "gnu++14";
				CLANG_CXX_LIBRARY = "libc++";
				CLANG_ENABLE_MODULES = YES;
				CLANG_ENABLE_OBJC_ARC = YES;
				CLANG_ENABLE_OBJC_WEAK = YES;
				CLANG_WARN_BLOCK_CAPTURE_AUTORELEASING = YES;
				CLANG_WARN_BOOL_CONVERSION = YES;
				CLANG_WARN_COMMA = YES;
				CLANG_WARN_CONSTANT_CONVERSION = YES;
				CLANG_WARN_DEPRECATED_OBJC_IMPLEMENTATIONS = YES;
				CLANG_WARN_DIRECT_OBJC_ISA_USAGE = YES_ERROR;
				CLANG_WARN_DOCUMENTATION_COMMENTS = YES;
				CLANG_WARN_EMPTY_BODY = YES;
				CLANG_WARN_ENUM_CONVERSION = YES;
				CLANG_WARN_INFINITE_RECURSION = YES;
				CLANG_WARN_INT_CONVERSION = YES;
				CLANG_WARN_NON_LITERAL_NULL_CONVERSION = YES;
				CLANG_WARN_OBJC_IMPLICIT_RETAIN_SELF = YES;
				CLANG_WARN_OBJC_LITERAL_CONVERSION = YES;
				CLANG_WARN_OBJC_ROOT_CLASS = YES_ERROR;
				CLANG_WARN_RANGE_LOOP_ANALYSIS = YES;
				CLANG_WARN_STRICT_PROTOTYPES = YES;
				CLANG_WARN_SUSPICIOUS_MOVE = YES;
				CLANG_WARN_UNGUARDED_AVAILABILITY = YES_AGGRESSIVE;
				CLANG_WARN_UNREACHABLE_CODE = YES;
				CLANG_WARN__DUPLICATE_METHOD_MATCH = YES;
				CODE_SIGN_IDENTITY = "iPhone Developer";
				COPY_PHASE_STRIP = NO;
				DEBUG_INFORMATION_FORMAT = dwarf;
				ENABLE_STRICT_OBJC_MSGSEND = YES;
				ENABLE_TESTABILITY = YES;
				GCC_C_LANGUAGE_STANDARD = gnu11;
				GCC_DYNAMIC_NO_PIC = NO;
				GCC_NO_COMMON_BLOCKS = YES;
				GCC_OPTIMIZATION_LEVEL = 0;
				GCC_PREPROCESSOR_DEFINITIONS = (
					"DEBUG=1",
					"$(inherited)",
				);
				GCC_WARN_64_TO_32_BIT_CONVERSION = YES;
				GCC_WARN_ABOUT_RETURN_TYPE = YES_ERROR;
				GCC_WARN_UNDECLARED_SELECTOR = YES;
				GCC_WARN_UNINITIALIZED_AUTOS = YES_AGGRESSIVE;
				GCC_WARN_UNUSED_FUNCTION = YES;
				GCC_WARN_UNUSED_VARIABLE = YES;
				IPHONEOS_DEPLOYMENT_TARGET = 11.3;
				MTL_ENABLE_DEBUG_INFO = YES;
				ONLY_ACTIVE_ARCH = YES;
				SDKROOT = iphoneos;
				SWIFT_ACTIVE_COMPILATION_CONDITIONS = DEBUG;
				SWIFT_OPTIMIZATION_LEVEL = "-Onone";
			};
			name = Debug;
		};
		3BB74E35208B02770095B3A5 /* Release */ = {
			isa = XCBuildConfiguration;
			buildSettings = {
				ALWAYS_SEARCH_USER_PATHS = NO;
				CLANG_ANALYZER_NONNULL = YES;
				CLANG_ANALYZER_NUMBER_OBJECT_CONVERSION = YES_AGGRESSIVE;
				CLANG_CXX_LANGUAGE_STANDARD = "gnu++14";
				CLANG_CXX_LIBRARY = "libc++";
				CLANG_ENABLE_MODULES = YES;
				CLANG_ENABLE_OBJC_ARC = YES;
				CLANG_ENABLE_OBJC_WEAK = YES;
				CLANG_WARN_BLOCK_CAPTURE_AUTORELEASING = YES;
				CLANG_WARN_BOOL_CONVERSION = YES;
				CLANG_WARN_COMMA = YES;
				CLANG_WARN_CONSTANT_CONVERSION = YES;
				CLANG_WARN_DEPRECATED_OBJC_IMPLEMENTATIONS = YES;
				CLANG_WARN_DIRECT_OBJC_ISA_USAGE = YES_ERROR;
				CLANG_WARN_DOCUMENTATION_COMMENTS = YES;
				CLANG_WARN_EMPTY_BODY = YES;
				CLANG_WARN_ENUM_CONVERSION = YES;
				CLANG_WARN_INFINITE_RECURSION = YES;
				CLANG_WARN_INT_CONVERSION = YES;
				CLANG_WARN_NON_LITERAL_NULL_CONVERSION = YES;
				CLANG_WARN_OBJC_IMPLICIT_RETAIN_SELF = YES;
				CLANG_WARN_OBJC_LITERAL_CONVERSION = YES;
				CLANG_WARN_OBJC_ROOT_CLASS = YES_ERROR;
				CLANG_WARN_RANGE_LOOP_ANALYSIS = YES;
				CLANG_WARN_STRICT_PROTOTYPES = YES;
				CLANG_WARN_SUSPICIOUS_MOVE = YES;
				CLANG_WARN_UNGUARDED_AVAILABILITY = YES_AGGRESSIVE;
				CLANG_WARN_UNREACHABLE_CODE = YES;
				CLANG_WARN__DUPLICATE_METHOD_MATCH = YES;
				CODE_SIGN_IDENTITY = "iPhone Developer";
				COPY_PHASE_STRIP = NO;
				DEBUG_INFORMATION_FORMAT = "dwarf-with-dsym";
				ENABLE_NS_ASSERTIONS = NO;
				ENABLE_STRICT_OBJC_MSGSEND = YES;
				GCC_C_LANGUAGE_STANDARD = gnu11;
				GCC_NO_COMMON_BLOCKS = YES;
				GCC_WARN_64_TO_32_BIT_CONVERSION = YES;
				GCC_WARN_ABOUT_RETURN_TYPE = YES_ERROR;
				GCC_WARN_UNDECLARED_SELECTOR = YES;
				GCC_WARN_UNINITIALIZED_AUTOS = YES_AGGRESSIVE;
				GCC_WARN_UNUSED_FUNCTION = YES;
				GCC_WARN_UNUSED_VARIABLE = YES;
				IPHONEOS_DEPLOYMENT_TARGET = 11.3;
				MTL_ENABLE_DEBUG_INFO = NO;
				SDKROOT = iphoneos;
				SWIFT_COMPILATION_MODE = wholemodule;
				SWIFT_OPTIMIZATION_LEVEL = "-O";
				VALIDATE_PRODUCT = YES;
			};
			name = Release;
		};
		3BB74E37208B02770095B3A5 /* Debug */ = {
			isa = XCBuildConfiguration;
			buildSettings = {
				ASSETCATALOG_COMPILER_APPICON_NAME = AppIcon;
				CODE_SIGN_STYLE = Automatic;
				DEVELOPMENT_TEAM = JQL298DW3E;
				INFOPLIST_FILE = TKG/Info.plist;
				LD_RUNPATH_SEARCH_PATHS = (
					"$(inherited)",
					"@executable_path/Frameworks",
				);
				PRODUCT_BUNDLE_IDENTIFIER = taka.kiso.TKG;
				PRODUCT_NAME = "$(TARGET_NAME)";
				SWIFT_VERSION = 4.0;
				TARGETED_DEVICE_FAMILY = 1;
			};
			name = Debug;
		};
		3BB74E38208B02770095B3A5 /* Release */ = {
			isa = XCBuildConfiguration;
			buildSettings = {
				ASSETCATALOG_COMPILER_APPICON_NAME = AppIcon;
				CODE_SIGN_STYLE = Automatic;
				DEVELOPMENT_TEAM = JQL298DW3E;
				INFOPLIST_FILE = TKG/Info.plist;
				LD_RUNPATH_SEARCH_PATHS = (
					"$(inherited)",
					"@executable_path/Frameworks",
				);
				PRODUCT_BUNDLE_IDENTIFIER = taka.kiso.TKG;
				PRODUCT_NAME = "$(TARGET_NAME)";
				SWIFT_VERSION = 4.0;
				TARGETED_DEVICE_FAMILY = 1;
			};
			name = Release;
		};
/* End XCBuildConfiguration section */

/* Begin XCConfigurationList section */
		3BB74E1F208B02760095B3A5 /* Build configuration list for PBXProject "TKG" */ = {
			isa = XCConfigurationList;
			buildConfigurations = (
				3BB74E34208B02770095B3A5 /* Debug */,
				3BB74E35208B02770095B3A5 /* Release */,
			);
			defaultConfigurationIsVisible = 0;
			defaultConfigurationName = Release;
		};
		3BB74E36208B02770095B3A5 /* Build configuration list for PBXNativeTarget "TKG" */ = {
			isa = XCConfigurationList;
			buildConfigurations = (
				3BB74E37208B02770095B3A5 /* Debug */,
				3BB74E38208B02770095B3A5 /* Release */,
			);
			defaultConfigurationIsVisible = 0;
			defaultConfigurationName = Release;
		};
/* End XCConfigurationList section */
	};
	rootObject = 3BB74E1C208B02760095B3A5 /* Project object */;
}
